
Microsoft Visual Studio Solution File, Format Version 12.00
# Visual Studio Version 16
VisualStudioVersion = 16.0.30717.126
MinimumVisualStudioVersion = 10.0.40219.1
Project("{8BC9CEB8-8B4A-11D0-8D11-00A0C91BC942}") = "CalculatorTutorial", "CalculatorTutorial\CalculatorTutorial.vcxproj", "{77B94C69-8AE2-4FEE-BD29-71A586309D18}"
EndProject
Global
	GlobalSection(SolutionConfigurationPlatforms) = preSolution
		Debug|x64 = Debug|x64
		Debug|x86 = Debug|x86
		Release|x64 = Release|x64
		Release|x86 = Release|x86
	EndGlobalSection
	GlobalSection(ProjectConfigurationPlatforms) = postSolution
		{77B94C69-8AE2-4FEE-BD29-71A586309D18}.Debug|x64.ActiveCfg = Debug|x64
		{77B94C69-8AE2-4FEE-BD29-71A586309D18}.Debug|x64.Build.0 = Debug|x64
		{77B94C69-8AE2-4FEE-BD29-71A586309D18}.Debug|x86.ActiveCfg = Debug|Win32
		{77B94C69-8AE2-4FEE-BD29-71A586309D18}.Debug|x86.Build.0 = Debug|Win32
		{77B94C69-8AE2-4FEE-BD29-71A586309D18}.Release|x64.ActiveCfg = Release|x64
		{77B94C69-8AE2-4FEE-BD29-71A586309D18}.Release|x64.Build.0 = Release|x64
		{77B94C69-8AE2-4FEE-BD29-71A586309D18}.Release|x86.ActiveCfg = Release|Win32
		{77B94C69-8AE2-4FEE-BD29-71A586309D18}.Release|x86.Build.0 = Release|Win32
	EndGlobalSection
	GlobalSection(SolutionProperties) = preSolution
		HideSolutionNode = FALSE
	EndGlobalSection
	GlobalSection(ExtensibilityGlobals) = postSolution
		SolutionGuid = {C096D868-E207-4D58-A5E1-997E75284C5E}
	EndGlobalSection
EndGlobal
